
Microsoft Visual Studio Solution File, Format Version 12.00
# Visual Studio Version 17
VisualStudioVersion = 17.13.35825.156 d17.13
MinimumVisualStudioVersion = 10.0.40219.1
Project("{FAE04EC0-301F-11D3-BF4B-00C04F79EFBC}") = "JobPortal", "JobPortal\JobPortal.csproj", "{BCD129B3-A33E-4EBC-802A-69DB8CC08C81}"
EndProject
Global
	GlobalSection(SolutionConfigurationPlatforms) = preSolution
		Debug|Any CPU = Debug|Any CPU
		Release|Any CPU = Release|Any CPU
	EndGlobalSection
	GlobalSection(ProjectConfigurationPlatforms) = postSolution
		{BCD129B3-A33E-4EBC-802A-69DB8CC08C81}.Debug|Any CPU.ActiveCfg = Debug|Any CPU
		{BCD129B3-A33E-4EBC-802A-69DB8CC08C81}.Debug|Any CPU.Build.0 = Debug|Any CPU
		{BCD129B3-A33E-4EBC-802A-69DB8CC08C81}.Release|Any CPU.ActiveCfg = Release|Any CPU
		{BCD129B3-A33E-4EBC-802A-69DB8CC08C81}.Release|Any CPU.Build.0 = Release|Any CPU
	EndGlobalSection
	GlobalSection(SolutionProperties) = preSolution
		HideSolutionNode = FALSE
	EndGlobalSection
	GlobalSection(ExtensibilityGlobals) = postSolution
		SolutionGuid = {5F4434E2-0BFF-489C-9987-5EB0E3758317}
	EndGlobalSection
EndGlobal
